{
  "version": 4,
  "terraform_version": "1.14.5",
  "serial": 11,
  "lineage": "83169382-2544-ff19-ceda-69aa46d1e2ec",
  "outputs": {
    "artifact_repo_url": {
      "value": "asia-south1-docker.pkg.dev/sabs-20/mlapp-dev-repo",
      "type": "string"
    },
    "artifacts_bucket": {
      "value": "mlapp-dev-artifacts-sabs-20",
      "type": "string"
    },
    "cicd_service_account": {
      "value": "mlapp-dev-cicd@sabs-20.iam.gserviceaccount.com",
      "type": "string"
    },
    "data_bucket": {
      "value": "mlapp-dev-data-sabs-20",
      "type": "string"
    },
    "dataset_id": {
      "value": "training_dataset_dev",
      "type": "string"
    },
    "runtime_service_account": {
      "value": "mlapp-dev-runtime@sabs-20.iam.gserviceaccount.com",
      "type": "string"
    }
  },
  "resources": [
    {
      "mode": "managed",
      "type": "google_artifact_registry_repository",
      "name": "repo",
      "provider": "provider[\"registry.terraform.io/hashicorp/google\"]",
      "instances": [
        {
          "schema_version": 0,
          "attributes": {
            "cleanup_policies": [],
            "cleanup_policy_dry_run": false,
            "create_time": "2026-02-23T17:00:33.364925Z",
            "description": "Artifact repository",
            "docker_config": [],
            "effective_labels": {
              "environment": "dev",
              "owner": "ml-team"
            },
            "format": "DOCKER",
            "id": "projects/sabs-20/locations/asia-south1/repositories/mlapp-dev-repo",
            "kms_key_name": "",
            "labels": {
              "environment": "dev",
              "owner": "ml-team"
            },
            "location": "asia-south1",
            "maven_config": [],
            "mode": "STANDARD_REPOSITORY",
            "name": "mlapp-dev-repo",
            "project": "sabs-20",
            "remote_repository_config": [],
            "repository_id": "mlapp-dev-repo",
            "terraform_labels": {
              "environment": "dev",
              "owner": "ml-team"
            },
            "timeouts": null,
            "update_time": "2026-02-23T17:00:33.364925Z",
            "virtual_repository_config": []
          },
          "sensitive_attributes": [],
          "identity_schema_version": 0,
          "private": "eyJlMmJmYjczMC1lY2FhLTExZTYtOGY4OC0zNDM2M2JjN2M0YzAiOnsiY3JlYXRlIjoxMjAwMDAwMDAwMDAwLCJkZWxldGUiOjEyMDAwMDAwMDAwMDAsInVwZGF0ZSI6MTIwMDAwMDAwMDAwMH19"
        }
      ]
    },
    {
      "mode": "managed",
      "type": "google_bigquery_dataset",
      "name": "dataset",
      "provider": "provider[\"registry.terraform.io/hashicorp/google\"]",
      "instances": [
        {
          "schema_version": 0,
          "attributes": {
            "access": [
              {
                "dataset": [],
                "domain": "",
                "group_by_email": "",
                "iam_member": "",
                "role": "OWNER",
                "routine": [],
                "special_group": "",
                "user_by_email": "sabsdrive05@gmail.com",
                "view": []
              },
              {
                "dataset": [],
                "domain": "",
                "group_by_email": "",
                "iam_member": "",
                "role": "OWNER",
                "routine": [],
                "special_group": "projectOwners",
                "user_by_email": "",
                "view": []
              },
              {
                "dataset": [],
                "domain": "",
                "group_by_email": "",
                "iam_member": "",
                "role": "READER",
                "routine": [],
                "special_group": "projectReaders",
                "user_by_email": "",
                "view": []
              },
              {
                "dataset": [],
                "domain": "",
                "group_by_email": "",
                "iam_member": "",
                "role": "WRITER",
                "routine": [],
                "special_group": "projectWriters",
                "user_by_email": "",
                "view": []
              }
            ],
            "creation_time": -1955474393,
            "dataset_id": "training_dataset_dev",
            "default_collation": "",
            "default_encryption_configuration": [],
            "default_partition_expiration_ms": 0,
            "default_table_expiration_ms": 0,
            "delete_contents_on_destroy": true,
            "description": "",
            "effective_labels": {
              "environment": "dev",
              "owner": "ml-team"
            },
            "etag": "2A4XjeJ5jFirmobtD62PiQ==",
            "external_dataset_reference": [],
            "friendly_name": "",
            "id": "projects/sabs-20/datasets/training_dataset_dev",
            "is_case_insensitive": false,
            "labels": {
              "environment": "dev",
              "owner": "ml-team"
            },
            "last_modified_time": -1955474393,
            "location": "asia-south1",
            "max_time_travel_hours": "168",
            "project": "sabs-20",
            "resource_tags": null,
            "self_link": "https://bigquery.googleapis.com/bigquery/v2/projects/sabs-20/datasets/training_dataset_dev",
            "storage_billing_model": "",
            "terraform_labels": {
              "environment": "dev",
              "owner": "ml-team"
            },
            "timeouts": null
          },
          "sensitive_attributes": [],
          "identity_schema_version": 0,
          "private": "eyJlMmJmYjczMC1lY2FhLTExZTYtOGY4OC0zNDM2M2JjN2M0YzAiOnsiY3JlYXRlIjoxMjAwMDAwMDAwMDAwLCJkZWxldGUiOjEyMDAwMDAwMDAwMDAsInVwZGF0ZSI6MTIwMDAwMDAwMDAwMH19"
        }
      ]
    },
    {
      "mode": "managed",
      "type": "google_bigquery_table",
      "name": "table",
      "provider": "provider[\"registry.terraform.io/hashicorp/google\"]",
      "instances": [
        {
          "schema_version": 0,
          "attributes": {
            "allow_resource_tags_on_deletion": false,
            "clustering": null,
            "creation_time": -1955471874,
            "dataset_id": "training_dataset_dev",
            "deletion_protection": false,
            "description": "",
            "effective_labels": {
              "environment": "dev",
              "owner": "ml-team"
            },
            "encryption_configuration": [],
            "etag": "Pn/Y1HofLevRSIpTMSs8Wg==",
            "expiration_time": 0,
            "external_data_configuration": [],
            "friendly_name": "",
            "id": "projects/sabs-20/datasets/training_dataset_dev/tables/features_table",
            "labels": {
              "environment": "dev",
              "owner": "ml-team"
            },
            "last_modified_time": -1955471823,
            "location": "asia-south1",
            "materialized_view": [],
            "max_staleness": "",
            "num_bytes": 0,
            "num_long_term_bytes": 0,
            "num_rows": 0,
            "project": "sabs-20",
            "range_partitioning": [],
            "require_partition_filter": false,
            "resource_tags": null,
            "schema": "[{\"mode\":\"NULLABLE\",\"name\":\"feature_1\",\"type\":\"FLOAT\"},{\"mode\":\"NULLABLE\",\"name\":\"feature_2\",\"type\":\"FLOAT\"},{\"mode\":\"NULLABLE\",\"name\":\"feature_3\",\"type\":\"FLOAT\"},{\"mode\":\"NULLABLE\",\"name\":\"feature_4\",\"type\":\"FLOAT\"},{\"mode\":\"NULLABLE\",\"name\":\"feature_5\",\"type\":\"FLOAT\"}]",
            "self_link": "https://bigquery.googleapis.com/bigquery/v2/projects/sabs-20/datasets/training_dataset_dev/tables/features_table",
            "table_constraints": [],
            "table_id": "features_table",
            "table_replication_info": [],
            "terraform_labels": {
              "environment": "dev",
              "owner": "ml-team"
            },
            "time_partitioning": [],
            "type": "TABLE",
            "view": []
          },
          "sensitive_attributes": [],
          "identity_schema_version": 0,
          "private": "bnVsbA==",
          "dependencies": [
            "google_bigquery_dataset.dataset"
          ]
        }
      ]
    },
    {
      "mode": "managed",
      "type": "google_project_iam_member",
      "name": "cicd_roles",
      "provider": "provider[\"registry.terraform.io/hashicorp/google\"]",
      "instances": [
        {
          "index_key": "roles/artifactregistry.writer",
          "schema_version": 0,
          "attributes": {
            "condition": [],
            "etag": "BwZLgLW9MDY=",
            "id": "sabs-20/roles/artifactregistry.writer/serviceAccount:mlapp-dev-cicd@sabs-20.iam.gserviceaccount.com",
            "member": "serviceAccount:mlapp-dev-cicd@sabs-20.iam.gserviceaccount.com",
            "project": "sabs-20",
            "role": "roles/artifactregistry.writer"
          },
          "sensitive_attributes": [],
          "identity_schema_version": 0,
          "private": "bnVsbA==",
          "dependencies": [
            "google_service_account.cicd"
          ]
        },
        {
          "index_key": "roles/storage.objectAdmin",
          "schema_version": 0,
          "attributes": {
            "condition": [],
            "etag": "BwZLgLW9MDY=",
            "id": "sabs-20/roles/storage.objectAdmin/serviceAccount:mlapp-dev-cicd@sabs-20.iam.gserviceaccount.com",
            "member": "serviceAccount:mlapp-dev-cicd@sabs-20.iam.gserviceaccount.com",
            "project": "sabs-20",
            "role": "roles/storage.objectAdmin"
          },
          "sensitive_attributes": [],
          "identity_schema_version": 0,
          "private": "bnVsbA==",
          "dependencies": [
            "google_service_account.cicd"
          ]
        }
      ]
    },
    {
      "mode": "managed",
      "type": "google_project_iam_member",
      "name": "runtime_roles",
      "provider": "provider[\"registry.terraform.io/hashicorp/google\"]",
      "instances": [
        {
          "index_key": "roles/storage.objectViewer",
          "schema_version": 0,
          "attributes": {
            "condition": [],
            "etag": "BwZLgLW9MDY=",
            "id": "sabs-20/roles/storage.objectViewer/serviceAccount:mlapp-dev-runtime@sabs-20.iam.gserviceaccount.com",
            "member": "serviceAccount:mlapp-dev-runtime@sabs-20.iam.gserviceaccount.com",
            "project": "sabs-20",
            "role": "roles/storage.objectViewer"
          },
          "sensitive_attributes": [],
          "identity_schema_version": 0,
          "private": "bnVsbA==",
          "dependencies": [
            "google_service_account.runtime"
          ]
        }
      ]
    },
    {
      "mode": "managed",
      "type": "google_service_account",
      "name": "cicd",
      "provider": "provider[\"registry.terraform.io/hashicorp/google\"]",
      "instances": [
        {
          "schema_version": 0,
          "attributes": {
            "account_id": "mlapp-dev-cicd",
            "create_ignore_already_exists": null,
            "description": "",
            "disabled": false,
            "display_name": "CI/CD SA (dev)",
            "email": "mlapp-dev-cicd@sabs-20.iam.gserviceaccount.com",
            "id": "projects/sabs-20/serviceAccounts/mlapp-dev-cicd@sabs-20.iam.gserviceaccount.com",
            "member": "serviceAccount:mlapp-dev-cicd@sabs-20.iam.gserviceaccount.com",
            "name": "projects/sabs-20/serviceAccounts/mlapp-dev-cicd@sabs-20.iam.gserviceaccount.com",
            "project": "sabs-20",
            "timeouts": null,
            "unique_id": "110741898731737342448"
          },
          "sensitive_attributes": [],
          "identity_schema_version": 0,
          "private": "eyJlMmJmYjczMC1lY2FhLTExZTYtOGY4OC0zNDM2M2JjN2M0YzAiOnsiY3JlYXRlIjozMDAwMDAwMDAwMDB9fQ=="
        }
      ]
    },
    {
      "mode": "managed",
      "type": "google_service_account",
      "name": "runtime",
      "provider": "provider[\"registry.terraform.io/hashicorp/google\"]",
      "instances": [
        {
          "schema_version": 0,
          "attributes": {
            "account_id": "mlapp-dev-runtime",
            "create_ignore_already_exists": null,
            "description": "",
            "disabled": false,
            "display_name": "Runtime SA (dev)",
            "email": "mlapp-dev-runtime@sabs-20.iam.gserviceaccount.com",
            "id": "projects/sabs-20/serviceAccounts/mlapp-dev-runtime@sabs-20.iam.gserviceaccount.com",
            "member": "serviceAccount:mlapp-dev-runtime@sabs-20.iam.gserviceaccount.com",
            "name": "projects/sabs-20/serviceAccounts/mlapp-dev-runtime@sabs-20.iam.gserviceaccount.com",
            "project": "sabs-20",
            "timeouts": null,
            "unique_id": "115006494872812866593"
          },
          "sensitive_attributes": [],
          "identity_schema_version": 0,
          "private": "eyJlMmJmYjczMC1lY2FhLTExZTYtOGY4OC0zNDM2M2JjN2M0YzAiOnsiY3JlYXRlIjozMDAwMDAwMDAwMDB9fQ=="
        }
      ]
    },
    {
      "mode": "managed",
      "type": "google_storage_bucket",
      "name": "artifacts",
      "provider": "provider[\"registry.terraform.io/hashicorp/google\"]",
      "instances": [
        {
          "schema_version": 2,
          "attributes": {
            "autoclass": [],
            "cors": [],
            "custom_placement_config": [],
            "default_event_based_hold": false,
            "effective_labels": {
              "environment": "dev",
              "owner": "ml-team"
            },
            "enable_object_retention": false,
            "encryption": [],
            "force_destroy": true,
            "id": "mlapp-dev-artifacts-sabs-20",
            "labels": {
              "environment": "dev",
              "owner": "ml-team"
            },
            "lifecycle_rule": [
              {
                "action": [
                  {
                    "storage_class": "",
                    "type": "Delete"
                  }
                ],
                "condition": [
                  {
                    "age": 7,
                    "created_before": "",
                    "custom_time_before": "",
                    "days_since_custom_time": 0,
                    "days_since_noncurrent_time": 0,
                    "matches_prefix": [],
                    "matches_storage_class": [],
                    "matches_suffix": [],
                    "no_age": false,
                    "noncurrent_time_before": "",
                    "num_newer_versions": 0,
                    "send_age_if_zero": true,
                    "send_days_since_custom_time_if_zero": false,
                    "send_days_since_noncurrent_time_if_zero": false,
                    "send_num_newer_versions_if_zero": false,
                    "with_state": "ANY"
                  }
                ]
              }
            ],
            "location": "ASIA-SOUTH1",
            "logging": [],
            "name": "mlapp-dev-artifacts-sabs-20",
            "project": "sabs-20",
            "project_number": -1476160476,
            "public_access_prevention": "inherited",
            "requester_pays": false,
            "retention_policy": [],
            "rpo": null,
            "self_link": "https://www.googleapis.com/storage/v1/b/mlapp-dev-artifacts-sabs-20",
            "soft_delete_policy": [
              {
                "effective_time": "2026-02-23T17:00:19.953Z",
                "retention_duration_seconds": 604800
              }
            ],
            "storage_class": "STANDARD",
            "terraform_labels": {
              "environment": "dev",
              "owner": "ml-team"
            },
            "timeouts": null,
            "uniform_bucket_level_access": true,
            "url": "gs://mlapp-dev-artifacts-sabs-20",
            "versioning": [],
            "website": []
          },
          "sensitive_attributes": [],
          "identity_schema_version": 0,
          "private": "eyJlMmJmYjczMC1lY2FhLTExZTYtOGY4OC0zNDM2M2JjN2M0YzAiOnsiY3JlYXRlIjo2MDAwMDAwMDAwMDAsInJlYWQiOjI0MDAwMDAwMDAwMCwidXBkYXRlIjoyNDAwMDAwMDAwMDB9LCJzY2hlbWFfdmVyc2lvbiI6IjIifQ=="
        }
      ]
    },
    {
      "mode": "managed",
      "type": "google_storage_bucket",
      "name": "data",
      "provider": "provider[\"registry.terraform.io/hashicorp/google\"]",
      "instances": [
        {
          "schema_version": 2,
          "attributes": {
            "autoclass": [],
            "cors": [],
            "custom_placement_config": [],
            "default_event_based_hold": false,
            "effective_labels": {
              "environment": "dev",
              "owner": "ml-team"
            },
            "enable_object_retention": false,
            "encryption": [],
            "force_destroy": true,
            "id": "mlapp-dev-data-sabs-20",
            "labels": {
              "environment": "dev",
              "owner": "ml-team"
            },
            "lifecycle_rule": [
              {
                "action": [
                  {
                    "storage_class": "",
                    "type": "Delete"
                  }
                ],
                "condition": [
                  {
                    "age": 3,
                    "created_before": "",
                    "custom_time_before": "",
                    "days_since_custom_time": 0,
                    "days_since_noncurrent_time": 0,
                    "matches_prefix": [],
                    "matches_storage_class": [],
                    "matches_suffix": [],
                    "no_age": false,
                    "noncurrent_time_before": "",
                    "num_newer_versions": 0,
                    "send_age_if_zero": true,
                    "send_days_since_custom_time_if_zero": false,
                    "send_days_since_noncurrent_time_if_zero": false,
                    "send_num_newer_versions_if_zero": false,
                    "with_state": "ANY"
                  }
                ]
              }
            ],
            "location": "ASIA-SOUTH1",
            "logging": [],
            "name": "mlapp-dev-data-sabs-20",
            "project": "sabs-20",
            "project_number": -1476160476,
            "public_access_prevention": "inherited",
            "requester_pays": false,
            "retention_policy": [],
            "rpo": null,
            "self_link": "https://www.googleapis.com/storage/v1/b/mlapp-dev-data-sabs-20",
            "soft_delete_policy": [
              {
                "effective_time": "2026-02-23T17:00:19.954Z",
                "retention_duration_seconds": 604800
              }
            ],
            "storage_class": "STANDARD",
            "terraform_labels": {
              "environment": "dev",
              "owner": "ml-team"
            },
            "timeouts": null,
            "uniform_bucket_level_access": true,
            "url": "gs://mlapp-dev-data-sabs-20",
            "versioning": [],
            "website": []
          },
          "sensitive_attributes": [],
          "identity_schema_version": 0,
          "private": "eyJlMmJmYjczMC1lY2FhLTExZTYtOGY4OC0zNDM2M2JjN2M0YzAiOnsiY3JlYXRlIjo2MDAwMDAwMDAwMDAsInJlYWQiOjI0MDAwMDAwMDAwMCwidXBkYXRlIjoyNDAwMDAwMDAwMDB9LCJzY2hlbWFfdmVyc2lvbiI6IjIifQ=="
        }
      ]
    }
  ],
  "check_results": null
}
